
Microsoft Visual Studio Solution File, Format Version 12.00
# Visual Studio Version 16
VisualStudioVersion = 16.0.32802.440
MinimumVisualStudioVersion = 10.0.40219.1
Project("{FAE04EC0-301F-11D3-BF4B-00C04F79EFBC}") = "Classes,Constructors,Objects2", "Classes,Constructors,Objects2\Classes,Constructors,Objects2.csproj", "{0626CCF9-3FFA-44E7-BFDE-29EB3B90898C}"
EndProject
Global
	GlobalSection(SolutionConfigurationPlatforms) = preSolution
		Debug|Any CPU = Debug|Any CPU
		Release|Any CPU = Release|Any CPU
	EndGlobalSection
	GlobalSection(ProjectConfigurationPlatforms) = postSolution
		{0626CCF9-3FFA-44E7-BFDE-29EB3B90898C}.Debug|Any CPU.ActiveCfg = Debug|Any CPU
		{0626CCF9-3FFA-44E7-BFDE-29EB3B90898C}.Debug|Any CPU.Build.0 = Debug|Any CPU
		{0626CCF9-3FFA-44E7-BFDE-29EB3B90898C}.Release|Any CPU.ActiveCfg = Release|Any CPU
		{0626CCF9-3FFA-44E7-BFDE-29EB3B90898C}.Release|Any CPU.Build.0 = Release|Any CPU
	EndGlobalSection
	GlobalSection(SolutionProperties) = preSolution
		HideSolutionNode = FALSE
	EndGlobalSection
	GlobalSection(ExtensibilityGlobals) = postSolution
		SolutionGuid = {33D16068-5CBA-4C41-8A91-43AF3E864C2D}
	EndGlobalSection
EndGlobal
