
Microsoft Visual Studio Solution File, Format Version 12.00
# Visual Studio Version 16
VisualStudioVersion = 16.0.32802.440
MinimumVisualStudioVersion = 10.0.40219.1
Project("{FAE04EC0-301F-11D3-BF4B-00C04F79EFBC}") = "Array2", "Array2\Array2.csproj", "{BA54B994-4F0A-4869-9063-6BE26E4DA48A}"
EndProject
Global
	GlobalSection(SolutionConfigurationPlatforms) = preSolution
		Debug|Any CPU = Debug|Any CPU
		Release|Any CPU = Release|Any CPU
	EndGlobalSection
	GlobalSection(ProjectConfigurationPlatforms) = postSolution
		{BA54B994-4F0A-4869-9063-6BE26E4DA48A}.Debug|Any CPU.ActiveCfg = Debug|Any CPU
		{BA54B994-4F0A-4869-9063-6BE26E4DA48A}.Debug|Any CPU.Build.0 = Debug|Any CPU
		{BA54B994-4F0A-4869-9063-6BE26E4DA48A}.Release|Any CPU.ActiveCfg = Release|Any CPU
		{BA54B994-4F0A-4869-9063-6BE26E4DA48A}.Release|Any CPU.Build.0 = Release|Any CPU
	EndGlobalSection
	GlobalSection(SolutionProperties) = preSolution
		HideSolutionNode = FALSE
	EndGlobalSection
	GlobalSection(ExtensibilityGlobals) = postSolution
		SolutionGuid = {00EA798C-7BCA-4406-83E5-AEB37260F7EE}
	EndGlobalSection
EndGlobal
