
Microsoft Visual Studio Solution File, Format Version 12.00
# Visual Studio Version 16
VisualStudioVersion = 16.0.32802.440
MinimumVisualStudioVersion = 10.0.40219.1
Project("{FAE04EC0-301F-11D3-BF4B-00C04F79EFBC}") = "Exception handling -Person class", "Exception handling -Person class\Exception handling -Person class.csproj", "{AB97B649-9BA8-4DF7-A5B6-45991A1EA648}"
EndProject
Global
	GlobalSection(SolutionConfigurationPlatforms) = preSolution
		Debug|Any CPU = Debug|Any CPU
		Release|Any CPU = Release|Any CPU
	EndGlobalSection
	GlobalSection(ProjectConfigurationPlatforms) = postSolution
		{AB97B649-9BA8-4DF7-A5B6-45991A1EA648}.Debug|Any CPU.ActiveCfg = Debug|Any CPU
		{AB97B649-9BA8-4DF7-A5B6-45991A1EA648}.Debug|Any CPU.Build.0 = Debug|Any CPU
		{AB97B649-9BA8-4DF7-A5B6-45991A1EA648}.Release|Any CPU.ActiveCfg = Release|Any CPU
		{AB97B649-9BA8-4DF7-A5B6-45991A1EA648}.Release|Any CPU.Build.0 = Release|Any CPU
	EndGlobalSection
	GlobalSection(SolutionProperties) = preSolution
		HideSolutionNode = FALSE
	EndGlobalSection
	GlobalSection(ExtensibilityGlobals) = postSolution
		SolutionGuid = {857122D2-B567-4193-9B2D-C082273C4E0B}
	EndGlobalSection
EndGlobal
