
Microsoft Visual Studio Solution File, Format Version 12.00
# Visual Studio Version 16
VisualStudioVersion = 16.0.32802.440
MinimumVisualStudioVersion = 10.0.40219.1
Project("{FAE04EC0-301F-11D3-BF4B-00C04F79EFBC}") = "Classes,Constructors,Object,Static", "Classes,Constructors,Object,Static\Classes,Constructors,Object,Static.csproj", "{8167AE04-E894-40CA-83B2-04B019AB3EFA}"
EndProject
Global
	GlobalSection(SolutionConfigurationPlatforms) = preSolution
		Debug|Any CPU = Debug|Any CPU
		Release|Any CPU = Release|Any CPU
	EndGlobalSection
	GlobalSection(ProjectConfigurationPlatforms) = postSolution
		{8167AE04-E894-40CA-83B2-04B019AB3EFA}.Debug|Any CPU.ActiveCfg = Debug|Any CPU
		{8167AE04-E894-40CA-83B2-04B019AB3EFA}.Debug|Any CPU.Build.0 = Debug|Any CPU
		{8167AE04-E894-40CA-83B2-04B019AB3EFA}.Release|Any CPU.ActiveCfg = Release|Any CPU
		{8167AE04-E894-40CA-83B2-04B019AB3EFA}.Release|Any CPU.Build.0 = Release|Any CPU
	EndGlobalSection
	GlobalSection(SolutionProperties) = preSolution
		HideSolutionNode = FALSE
	EndGlobalSection
	GlobalSection(ExtensibilityGlobals) = postSolution
		SolutionGuid = {F755A0A1-6124-4773-A77F-15C5C6951C8E}
	EndGlobalSection
EndGlobal
